
Microsoft Visual Studio Solution File, Format Version 12.00
# Visual Studio Version 16
VisualStudioVersion = 16.0.32510.428
MinimumVisualStudioVersion = 10.0.40219.1
Project("{FAE04EC0-301F-11D3-BF4B-00C04F79EFBC}") = "ExercicioEmployee", "ExercicioEmployee.csproj", "{A7D437CC-F2FB-409D-869C-1441A6A24793}"
EndProject
Global
	GlobalSection(SolutionConfigurationPlatforms) = preSolution
		Debug|Any CPU = Debug|Any CPU
		Release|Any CPU = Release|Any CPU
	EndGlobalSection
	GlobalSection(ProjectConfigurationPlatforms) = postSolution
		{A7D437CC-F2FB-409D-869C-1441A6A24793}.Debug|Any CPU.ActiveCfg = Debug|Any CPU
		{A7D437CC-F2FB-409D-869C-1441A6A24793}.Debug|Any CPU.Build.0 = Debug|Any CPU
		{A7D437CC-F2FB-409D-869C-1441A6A24793}.Release|Any CPU.ActiveCfg = Release|Any CPU
		{A7D437CC-F2FB-409D-869C-1441A6A24793}.Release|Any CPU.Build.0 = Release|Any CPU
	EndGlobalSection
	GlobalSection(SolutionProperties) = preSolution
		HideSolutionNode = FALSE
	EndGlobalSection
	GlobalSection(ExtensibilityGlobals) = postSolution
		SolutionGuid = {DAA58B55-2297-4C35-A278-26C45CFA5771}
	EndGlobalSection
EndGlobal
